
Microsoft Visual Studio Solution File, Format Version 12.00
# Visual Studio Version 16
VisualStudioVersion = 16.0.33328.57
MinimumVisualStudioVersion = 10.0.40219.1
Project("{FAE04EC0-301F-11D3-BF4B-00C04F79EFBC}") = "Price-Quote Application", "Price-Quote Application\Price-Quote Application.csproj", "{4CAB1F87-6536-4BE4-AAD1-013B9BBC0663}"
EndProject
Global
	GlobalSection(SolutionConfigurationPlatforms) = preSolution
		Debug|Any CPU = Debug|Any CPU
		Release|Any CPU = Release|Any CPU
	EndGlobalSection
	GlobalSection(ProjectConfigurationPlatforms) = postSolution
		{4CAB1F87-6536-4BE4-AAD1-013B9BBC0663}.Debug|Any CPU.ActiveCfg = Debug|Any CPU
		{4CAB1F87-6536-4BE4-AAD1-013B9BBC0663}.Debug|Any CPU.Build.0 = Debug|Any CPU
		{4CAB1F87-6536-4BE4-AAD1-013B9BBC0663}.Release|Any CPU.ActiveCfg = Release|Any CPU
		{4CAB1F87-6536-4BE4-AAD1-013B9BBC0663}.Release|Any CPU.Build.0 = Release|Any CPU
	EndGlobalSection
	GlobalSection(SolutionProperties) = preSolution
		HideSolutionNode = FALSE
	EndGlobalSection
	GlobalSection(ExtensibilityGlobals) = postSolution
		SolutionGuid = {08294C95-8D90-41C1-8DA6-06CB4D9339BA}
	EndGlobalSection
EndGlobal
