
Microsoft Visual Studio Solution File, Format Version 12.00
# Visual Studio Version 16
VisualStudioVersion = 16.0.33328.57
MinimumVisualStudioVersion = 10.0.40219.1
Project("{FAE04EC0-301F-11D3-BF4B-00C04F79EFBC}") = "Math Operation Assignment", "Math Operation Assignment\Math Operation Assignment.csproj", "{84B7C73E-3964-4BF0-A0CC-1EF7C24C9018}"
EndProject
Global
	GlobalSection(SolutionConfigurationPlatforms) = preSolution
		Debug|Any CPU = Debug|Any CPU
		Release|Any CPU = Release|Any CPU
	EndGlobalSection
	GlobalSection(ProjectConfigurationPlatforms) = postSolution
		{84B7C73E-3964-4BF0-A0CC-1EF7C24C9018}.Debug|Any CPU.ActiveCfg = Debug|Any CPU
		{84B7C73E-3964-4BF0-A0CC-1EF7C24C9018}.Debug|Any CPU.Build.0 = Debug|Any CPU
		{84B7C73E-3964-4BF0-A0CC-1EF7C24C9018}.Release|Any CPU.ActiveCfg = Release|Any CPU
		{84B7C73E-3964-4BF0-A0CC-1EF7C24C9018}.Release|Any CPU.Build.0 = Release|Any CPU
	EndGlobalSection
	GlobalSection(SolutionProperties) = preSolution
		HideSolutionNode = FALSE
	EndGlobalSection
	GlobalSection(ExtensibilityGlobals) = postSolution
		SolutionGuid = {B68575F9-0E15-4D5E-ACB9-5610FD762A69}
	EndGlobalSection
EndGlobal
