
Microsoft Visual Studio Solution File, Format Version 12.00
# Visual Studio Version 16
VisualStudioVersion = 16.0.33328.57
MinimumVisualStudioVersion = 10.0.40219.1
Project("{FAE04EC0-301F-11D3-BF4B-00C04F79EFBC}") = "Loops", "Loops\Loops.csproj", "{7DB40157-DCA2-44B2-B63B-8A9AA96EB157}"
EndProject
Global
	GlobalSection(SolutionConfigurationPlatforms) = preSolution
		Debug|Any CPU = Debug|Any CPU
		Release|Any CPU = Release|Any CPU
	EndGlobalSection
	GlobalSection(ProjectConfigurationPlatforms) = postSolution
		{7DB40157-DCA2-44B2-B63B-8A9AA96EB157}.Debug|Any CPU.ActiveCfg = Debug|Any CPU
		{7DB40157-DCA2-44B2-B63B-8A9AA96EB157}.Debug|Any CPU.Build.0 = Debug|Any CPU
		{7DB40157-DCA2-44B2-B63B-8A9AA96EB157}.Release|Any CPU.ActiveCfg = Release|Any CPU
		{7DB40157-DCA2-44B2-B63B-8A9AA96EB157}.Release|Any CPU.Build.0 = Release|Any CPU
	EndGlobalSection
	GlobalSection(SolutionProperties) = preSolution
		HideSolutionNode = FALSE
	EndGlobalSection
	GlobalSection(ExtensibilityGlobals) = postSolution
		SolutionGuid = {8838D638-D373-4D92-8D39-13A81ECB74B1}
	EndGlobalSection
EndGlobal
