
Microsoft Visual Studio Solution File, Format Version 12.00
# Visual Studio Version 16
VisualStudioVersion = 16.0.33328.57
MinimumVisualStudioVersion = 10.0.40219.1
Project("{FAE04EC0-301F-11D3-BF4B-00C04F79EFBC}") = "MathAndComparisonOperators", "MathAndComparisonOperators\MathAndComparisonOperators.csproj", "{1DCF2662-3389-437D-81A8-A841BB136C5A}"
EndProject
Global
	GlobalSection(SolutionConfigurationPlatforms) = preSolution
		Debug|Any CPU = Debug|Any CPU
		Release|Any CPU = Release|Any CPU
	EndGlobalSection
	GlobalSection(ProjectConfigurationPlatforms) = postSolution
		{1DCF2662-3389-437D-81A8-A841BB136C5A}.Debug|Any CPU.ActiveCfg = Debug|Any CPU
		{1DCF2662-3389-437D-81A8-A841BB136C5A}.Debug|Any CPU.Build.0 = Debug|Any CPU
		{1DCF2662-3389-437D-81A8-A841BB136C5A}.Release|Any CPU.ActiveCfg = Release|Any CPU
		{1DCF2662-3389-437D-81A8-A841BB136C5A}.Release|Any CPU.Build.0 = Release|Any CPU
	EndGlobalSection
	GlobalSection(SolutionProperties) = preSolution
		HideSolutionNode = FALSE
	EndGlobalSection
	GlobalSection(ExtensibilityGlobals) = postSolution
		SolutionGuid = {2AB19974-1018-48A2-B6F5-E1836D168AAD}
	EndGlobalSection
EndGlobal
