
Microsoft Visual Studio Solution File, Format Version 12.00
# Visual Studio Version 16
VisualStudioVersion = 16.0.33328.57
MinimumVisualStudioVersion = 10.0.40219.1
Project("{FAE04EC0-301F-11D3-BF4B-00C04F79EFBC}") = "Anonymous Income Comparison Program", "Anonymous Income Comparison Program\Anonymous Income Comparison Program.csproj", "{8AB2ED18-8221-4D25-89A0-D2ECC879CAA5}"
EndProject
Global
	GlobalSection(SolutionConfigurationPlatforms) = preSolution
		Debug|Any CPU = Debug|Any CPU
		Release|Any CPU = Release|Any CPU
	EndGlobalSection
	GlobalSection(ProjectConfigurationPlatforms) = postSolution
		{8AB2ED18-8221-4D25-89A0-D2ECC879CAA5}.Debug|Any CPU.ActiveCfg = Debug|Any CPU
		{8AB2ED18-8221-4D25-89A0-D2ECC879CAA5}.Debug|Any CPU.Build.0 = Debug|Any CPU
		{8AB2ED18-8221-4D25-89A0-D2ECC879CAA5}.Release|Any CPU.ActiveCfg = Release|Any CPU
		{8AB2ED18-8221-4D25-89A0-D2ECC879CAA5}.Release|Any CPU.Build.0 = Release|Any CPU
	EndGlobalSection
	GlobalSection(SolutionProperties) = preSolution
		HideSolutionNode = FALSE
	EndGlobalSection
	GlobalSection(ExtensibilityGlobals) = postSolution
		SolutionGuid = {C3A29670-227B-44A3-BDD1-626BAEAFCC65}
	EndGlobalSection
EndGlobal
