
Microsoft Visual Studio Solution File, Format Version 12.00
# Visual Studio Version 16
VisualStudioVersion = 16.0.33328.57
MinimumVisualStudioVersion = 10.0.40219.1
Project("{FAE04EC0-301F-11D3-BF4B-00C04F79EFBC}") = "Inheritance_Assignment", "Inheritance_Assignment\Inheritance_Assignment.csproj", "{42DB59A3-9614-4A94-835D-53196E6A71D3}"
EndProject
Global
	GlobalSection(SolutionConfigurationPlatforms) = preSolution
		Debug|Any CPU = Debug|Any CPU
		Release|Any CPU = Release|Any CPU
	EndGlobalSection
	GlobalSection(ProjectConfigurationPlatforms) = postSolution
		{42DB59A3-9614-4A94-835D-53196E6A71D3}.Debug|Any CPU.ActiveCfg = Debug|Any CPU
		{42DB59A3-9614-4A94-835D-53196E6A71D3}.Debug|Any CPU.Build.0 = Debug|Any CPU
		{42DB59A3-9614-4A94-835D-53196E6A71D3}.Release|Any CPU.ActiveCfg = Release|Any CPU
		{42DB59A3-9614-4A94-835D-53196E6A71D3}.Release|Any CPU.Build.0 = Release|Any CPU
	EndGlobalSection
	GlobalSection(SolutionProperties) = preSolution
		HideSolutionNode = FALSE
	EndGlobalSection
	GlobalSection(ExtensibilityGlobals) = postSolution
		SolutionGuid = {477964FA-1429-46B7-85AA-6C3A4132ED38}
	EndGlobalSection
EndGlobal
