
Microsoft Visual Studio Solution File, Format Version 12.00
# Visual Studio Version 16
VisualStudioVersion = 16.0.33328.57
MinimumVisualStudioVersion = 10.0.40219.1
Project("{FAE04EC0-301F-11D3-BF4B-00C04F79EFBC}") = "Interfaces Assignment", "Interfaces Assignment\Interfaces Assignment.csproj", "{112AB693-BC48-4762-834C-4499471EE57D}"
EndProject
Global
	GlobalSection(SolutionConfigurationPlatforms) = preSolution
		Debug|Any CPU = Debug|Any CPU
		Release|Any CPU = Release|Any CPU
	EndGlobalSection
	GlobalSection(ProjectConfigurationPlatforms) = postSolution
		{112AB693-BC48-4762-834C-4499471EE57D}.Debug|Any CPU.ActiveCfg = Debug|Any CPU
		{112AB693-BC48-4762-834C-4499471EE57D}.Debug|Any CPU.Build.0 = Debug|Any CPU
		{112AB693-BC48-4762-834C-4499471EE57D}.Release|Any CPU.ActiveCfg = Release|Any CPU
		{112AB693-BC48-4762-834C-4499471EE57D}.Release|Any CPU.Build.0 = Release|Any CPU
	EndGlobalSection
	GlobalSection(SolutionProperties) = preSolution
		HideSolutionNode = FALSE
	EndGlobalSection
	GlobalSection(ExtensibilityGlobals) = postSolution
		SolutionGuid = {8126D672-28BC-4CA1-8BDB-A6D3FD011A0D}
	EndGlobalSection
EndGlobal
