
Microsoft Visual Studio Solution File, Format Version 12.00
# Visual Studio Version 16
VisualStudioVersion = 16.0.33328.57
MinimumVisualStudioVersion = 10.0.40219.1
Project("{FAE04EC0-301F-11D3-BF4B-00C04F79EFBC}") = "HelloWorld", "HelloWorld\HelloWorld.csproj", "{7F461807-251B-4A04-9C55-4E40B7D29912}"
EndProject
Global
	GlobalSection(SolutionConfigurationPlatforms) = preSolution
		Debug|Any CPU = Debug|Any CPU
		Release|Any CPU = Release|Any CPU
	EndGlobalSection
	GlobalSection(ProjectConfigurationPlatforms) = postSolution
		{7F461807-251B-4A04-9C55-4E40B7D29912}.Debug|Any CPU.ActiveCfg = Debug|Any CPU
		{7F461807-251B-4A04-9C55-4E40B7D29912}.Debug|Any CPU.Build.0 = Debug|Any CPU
		{7F461807-251B-4A04-9C55-4E40B7D29912}.Release|Any CPU.ActiveCfg = Release|Any CPU
		{7F461807-251B-4A04-9C55-4E40B7D29912}.Release|Any CPU.Build.0 = Release|Any CPU
	EndGlobalSection
	GlobalSection(SolutionProperties) = preSolution
		HideSolutionNode = FALSE
	EndGlobalSection
	GlobalSection(ExtensibilityGlobals) = postSolution
		SolutionGuid = {D1994E07-4D39-40A3-BC68-A59D1DBAE7E0}
	EndGlobalSection
EndGlobal
